
Microsoft Visual Studio Solution File, Format Version 12.00
# Visual Studio 2013
VisualStudioVersion = 12.0.21005.1
MinimumVisualStudioVersion = 10.0.40219.1
Project("{FAE04EC0-301F-11D3-BF4B-00C04F79EFBC}") = "DesktopCleaner.DataAccessLayer", "DesktopCleaner.DataAccessLayer\DesktopCleaner.DataAccessLayer.csproj", "{D0731DF9-51ED-4EDD-9DE1-E1B5CA5B4699}"
EndProject
Project("{FAE04EC0-301F-11D3-BF4B-00C04F79EFBC}") = "DesktopCleaner.Application", "DesktopCleaner.Application\DesktopCleaner.Application.csproj", "{F95B4991-7B3D-4418-8B10-6F7E7DC3FCCA}"
EndProject
Project("{FAE04EC0-301F-11D3-BF4B-00C04F79EFBC}") = "DesktopCleaner.DataAccessLayerUnitTest", "DesktopCleaner.DataAccessLayerUnitTest\DesktopCleaner.DataAccessLayerUnitTest.csproj", "{B95120E4-0FB8-42B8-BEEC-862AFAD2AD85}"
EndProject
Project("{FAE04EC0-301F-11D3-BF4B-00C04F79EFBC}") = "DesktopCleaner.Model", "DesktopCleaner.Model\DesktopCleaner.Model.csproj", "{9E3FC927-9787-412E-93CD-E7A2268CD5B6}"
EndProject
Project("{54435603-DBB4-11D2-8724-00A0C9A8B90C}") = "DesktopCleaner.Setup", "DesktopCleaner.Setup\DesktopCleaner.Setup.vdproj", "{550E3938-13C8-445B-B182-8DA8E9DE0A7B}"
EndProject
Global
	GlobalSection(SolutionConfigurationPlatforms) = preSolution
		Debug|Any CPU = Debug|Any CPU
		Release|Any CPU = Release|Any CPU
	EndGlobalSection
	GlobalSection(ProjectConfigurationPlatforms) = postSolution
		{D0731DF9-51ED-4EDD-9DE1-E1B5CA5B4699}.Debug|Any CPU.ActiveCfg = Debug|Any CPU
		{D0731DF9-51ED-4EDD-9DE1-E1B5CA5B4699}.Debug|Any CPU.Build.0 = Debug|Any CPU
		{D0731DF9-51ED-4EDD-9DE1-E1B5CA5B4699}.Release|Any CPU.ActiveCfg = Release|Any CPU
		{D0731DF9-51ED-4EDD-9DE1-E1B5CA5B4699}.Release|Any CPU.Build.0 = Release|Any CPU
		{F95B4991-7B3D-4418-8B10-6F7E7DC3FCCA}.Debug|Any CPU.ActiveCfg = Debug|Any CPU
		{F95B4991-7B3D-4418-8B10-6F7E7DC3FCCA}.Debug|Any CPU.Build.0 = Debug|Any CPU
		{F95B4991-7B3D-4418-8B10-6F7E7DC3FCCA}.Release|Any CPU.ActiveCfg = Release|Any CPU
		{F95B4991-7B3D-4418-8B10-6F7E7DC3FCCA}.Release|Any CPU.Build.0 = Release|Any CPU
		{B95120E4-0FB8-42B8-BEEC-862AFAD2AD85}.Debug|Any CPU.ActiveCfg = Debug|Any CPU
		{B95120E4-0FB8-42B8-BEEC-862AFAD2AD85}.Debug|Any CPU.Build.0 = Debug|Any CPU
		{B95120E4-0FB8-42B8-BEEC-862AFAD2AD85}.Release|Any CPU.ActiveCfg = Release|Any CPU
		{B95120E4-0FB8-42B8-BEEC-862AFAD2AD85}.Release|Any CPU.Build.0 = Release|Any CPU
		{9E3FC927-9787-412E-93CD-E7A2268CD5B6}.Debug|Any CPU.ActiveCfg = Debug|Any CPU
		{9E3FC927-9787-412E-93CD-E7A2268CD5B6}.Debug|Any CPU.Build.0 = Debug|Any CPU
		{9E3FC927-9787-412E-93CD-E7A2268CD5B6}.Release|Any CPU.ActiveCfg = Release|Any CPU
		{9E3FC927-9787-412E-93CD-E7A2268CD5B6}.Release|Any CPU.Build.0 = Release|Any CPU
		{550E3938-13C8-445B-B182-8DA8E9DE0A7B}.Debug|Any CPU.ActiveCfg = Debug
		{550E3938-13C8-445B-B182-8DA8E9DE0A7B}.Release|Any CPU.ActiveCfg = Release
	EndGlobalSection
	GlobalSection(SolutionProperties) = preSolution
		HideSolutionNode = FALSE
	EndGlobalSection
EndGlobal
